// !$*UTF8*$!
{
	archiveVersion = 1;
	classes = {
	};
	objectVersion = 56;
	objects = {

/* Begin PBXBuildFile section */
		7F146FDF2A2172D600A1E5B0 /* RxCocoa in Frameworks */ = {isa = PBXBuildFile; productRef = 7F146FDE2A2172D600A1E5B0 /* RxCocoa */; };
		7F146FE12A2172D600A1E5B0 /* RxSwift in Frameworks */ = {isa = PBXBuildFile; productRef = 7F146FE02A2172D600A1E5B0 /* RxSwift */; };
		7F146FE32A2175CE00A1E5B0 /* HomeRepoImple.swift in Sources */ = {isa = PBXBuildFile; fileRef = 7F146FE22A2175CE00A1E5B0 /* HomeRepoImple.swift */; };
		7F146FE52A217BE900A1E5B0 /* HomeUseCase.swift in Sources */ = {isa = PBXBuildFile; fileRef = 7F146FE42A217BE900A1E5B0 /* HomeUseCase.swift */; };
		7F1ABA862A22AB22002E8510 /* Reachability.swift in Sources */ = {isa = PBXBuildFile; fileRef = 7F1ABA852A22AB22002E8510 /* Reachability.swift */; };
		7F361FA82A24CA5B00F5396B /* HistoricalModel.swift in Sources */ = {isa = PBXBuildFile; fileRef = 7F361FA72A24CA5B00F5396B /* HistoricalModel.swift */; };
		7F361FB22A24D45A00F5396B /* HistoricalViewController.swift in Sources */ = {isa = PBXBuildFile; fileRef = 7F361FB02A24D45A00F5396B /* HistoricalViewController.swift */; };
		7F361FB32A24D45A00F5396B /* HistoricalViewController.swift in Sources */ = {isa = PBXBuildFile; fileRef = 7F361FB02A24D45A00F5396B /* HistoricalViewController.swift */; };
		7F361FB42A24D45A00F5396B /* HistoricalViewController.swift in Sources */ = {isa = PBXBuildFile; fileRef = 7F361FB02A24D45A00F5396B /* HistoricalViewController.swift */; };
		7F361FB52A24D45A00F5396B /* HistoricalViewController.xib in Resources */ = {isa = PBXBuildFile; fileRef = 7F361FB12A24D45A00F5396B /* HistoricalViewController.xib */; };
		7F361FB62A24D45A00F5396B /* HistoricalViewController.xib in Resources */ = {isa = PBXBuildFile; fileRef = 7F361FB12A24D45A00F5396B /* HistoricalViewController.xib */; };
		7F361FB72A24D45A00F5396B /* HistoricalViewController.xib in Resources */ = {isa = PBXBuildFile; fileRef = 7F361FB12A24D45A00F5396B /* HistoricalViewController.xib */; };
		7F361FB92A24D98900F5396B /* HistoricalViewModel.swift in Sources */ = {isa = PBXBuildFile; fileRef = 7F361FB82A24D98900F5396B /* HistoricalViewModel.swift */; };
		7F361FBA2A24D98900F5396B /* HistoricalViewModel.swift in Sources */ = {isa = PBXBuildFile; fileRef = 7F361FB82A24D98900F5396B /* HistoricalViewModel.swift */; };
		7F361FBB2A24D98900F5396B /* HistoricalViewModel.swift in Sources */ = {isa = PBXBuildFile; fileRef = 7F361FB82A24D98900F5396B /* HistoricalViewModel.swift */; };
		7F3827D22A2649EA002B34B6 /* ExtentionArray.swift in Sources */ = {isa = PBXBuildFile; fileRef = 7F3827D12A2649EA002B34B6 /* ExtentionArray.swift */; };
		7F559CE32A202EA000D4E2FE /* AppDelegate.swift in Sources */ = {isa = PBXBuildFile; fileRef = 7F559CE22A202EA000D4E2FE /* AppDelegate.swift */; };
		7F559CE52A202EA000D4E2FE /* SceneDelegate.swift in Sources */ = {isa = PBXBuildFile; fileRef = 7F559CE42A202EA000D4E2FE /* SceneDelegate.swift */; };
		7F559CEC2A202EA300D4E2FE /* Assets.xcassets in Resources */ = {isa = PBXBuildFile; fileRef = 7F559CEB2A202EA300D4E2FE /* Assets.xcassets */; };
		7F559CEF2A202EA300D4E2FE /* LaunchScreen.storyboard in Resources */ = {isa = PBXBuildFile; fileRef = 7F559CED2A202EA300D4E2FE /* LaunchScreen.storyboard */; };
		7F559CFA2A202EA300D4E2FE /* Currency_AppTests.swift in Sources */ = {isa = PBXBuildFile; fileRef = 7F559CF92A202EA300D4E2FE /* Currency_AppTests.swift */; };
		7F559D042A202EA300D4E2FE /* Currency_AppUITests.swift in Sources */ = {isa = PBXBuildFile; fileRef = 7F559D032A202EA300D4E2FE /* Currency_AppUITests.swift */; };
		7F559D062A202EA300D4E2FE /* Currency_AppUITestsLaunchTests.swift in Sources */ = {isa = PBXBuildFile; fileRef = 7F559D052A202EA300D4E2FE /* Currency_AppUITestsLaunchTests.swift */; };
		7F559D262A2034A000D4E2FE /* HomeViewController.swift in Sources */ = {isa = PBXBuildFile; fileRef = 7F559D242A2034A000D4E2FE /* HomeViewController.swift */; };
		7F559D272A2034A000D4E2FE /* HomeViewController.swift in Sources */ = {isa = PBXBuildFile; fileRef = 7F559D242A2034A000D4E2FE /* HomeViewController.swift */; };
		7F559D282A2034A000D4E2FE /* HomeViewController.xib in Resources */ = {isa = PBXBuildFile; fileRef = 7F559D252A2034A000D4E2FE /* HomeViewController.xib */; };
		7F559D292A2034A000D4E2FE /* HomeViewController.xib in Resources */ = {isa = PBXBuildFile; fileRef = 7F559D252A2034A000D4E2FE /* HomeViewController.xib */; };
		7F559D2B2A2034C600D4E2FE /* HomeViewModel.swift in Sources */ = {isa = PBXBuildFile; fileRef = 7F559D2A2A2034C600D4E2FE /* HomeViewModel.swift */; };
		7F559D2C2A2034C600D4E2FE /* HomeViewModel.swift in Sources */ = {isa = PBXBuildFile; fileRef = 7F559D2A2A2034C600D4E2FE /* HomeViewModel.swift */; };
		7F7B04952A255DB800CF548C /* HistoricalCell.swift in Sources */ = {isa = PBXBuildFile; fileRef = 7F7B04932A255DB800CF548C /* HistoricalCell.swift */; };
		7F7B04962A255DB800CF548C /* HistoricalCell.xib in Resources */ = {isa = PBXBuildFile; fileRef = 7F7B04942A255DB800CF548C /* HistoricalCell.xib */; };
		7F7B04992A2578AC00CF548C /* HistoricalRepoProtocol.swift in Sources */ = {isa = PBXBuildFile; fileRef = 7F7B04982A2578AC00CF548C /* HistoricalRepoProtocol.swift */; };
		7F7B049C2A25798900CF548C /* HistoricalUseCase.swift in Sources */ = {isa = PBXBuildFile; fileRef = 7F7B049B2A25798900CF548C /* HistoricalUseCase.swift */; };
		7F7B049E2A257A7600CF548C /* HistoricalRepoImple.swift in Sources */ = {isa = PBXBuildFile; fileRef = 7F7B049D2A257A7600CF548C /* HistoricalRepoImple.swift */; };
		7F836E1A2A20B6C8005AFB91 /* ExtensionUIView.swift in Sources */ = {isa = PBXBuildFile; fileRef = 7F836E192A20B6C8005AFB91 /* ExtensionUIView.swift */; };
		7F836E262A214757005AFB91 /* NetworkService.swift in Sources */ = {isa = PBXBuildFile; fileRef = 7F836E252A214757005AFB91 /* NetworkService.swift */; };
		7F836E282A2147FE005AFB91 /* HomeRepoProtocol.swift in Sources */ = {isa = PBXBuildFile; fileRef = 7F836E272A2147FE005AFB91 /* HomeRepoProtocol.swift */; };
		7F836E2B2A2148F4005AFB91 /* Constants.swift in Sources */ = {isa = PBXBuildFile; fileRef = 7F836E2A2A2148F4005AFB91 /* Constants.swift */; };
		7F836E342A21605C005AFB91 /* Currency.swift in Sources */ = {isa = PBXBuildFile; fileRef = 7F836E332A21605C005AFB91 /* Currency.swift */; };
		7FB2CD7A2A24468D003CF974 /* Error.swift in Sources */ = {isa = PBXBuildFile; fileRef = 7FB2CD792A24468D003CF974 /* Error.swift */; };
/* End PBXBuildFile section */

/* Begin PBXContainerItemProxy section */
		7F559CF62A202EA300D4E2FE /* PBXContainerItemProxy */ = {
			isa = PBXContainerItemProxy;
			containerPortal = 7F559CD72A202EA000D4E2FE /* Project object */;
			proxyType = 1;
			remoteGlobalIDString = 7F559CDE2A202EA000D4E2FE;
			remoteInfo = "Currency App";
		};
		7F559D002A202EA300D4E2FE /* PBXContainerItemProxy */ = {
			isa = PBXContainerItemProxy;
			containerPortal = 7F559CD72A202EA000D4E2FE /* Project object */;
			proxyType = 1;
			remoteGlobalIDString = 7F559CDE2A202EA000D4E2FE;
			remoteInfo = "Currency App";
		};
/* End PBXContainerItemProxy section */

/* Begin PBXFileReference section */
		7F146FE22A2175CE00A1E5B0 /* HomeRepoImple.swift */ = {isa = PBXFileReference; lastKnownFileType = sourcecode.swift; path = HomeRepoImple.swift; sourceTree = "<group>"; };
		7F146FE42A217BE900A1E5B0 /* HomeUseCase.swift */ = {isa = PBXFileReference; lastKnownFileType = sourcecode.swift; path = HomeUseCase.swift; sourceTree = "<group>"; };
		7F1ABA852A22AB22002E8510 /* Reachability.swift */ = {isa = PBXFileReference; lastKnownFileType = sourcecode.swift; path = Reachability.swift; sourceTree = "<group>"; };
		7F361FA72A24CA5B00F5396B /* HistoricalModel.swift */ = {isa = PBXFileReference; lastKnownFileType = sourcecode.swift; path = HistoricalModel.swift; sourceTree = "<group>"; };
		7F361FB02A24D45A00F5396B /* HistoricalViewController.swift */ = {isa = PBXFileReference; lastKnownFileType = sourcecode.swift; path = HistoricalViewController.swift; sourceTree = "<group>"; };
		7F361FB12A24D45A00F5396B /* HistoricalViewController.xib */ = {isa = PBXFileReference; lastKnownFileType = file.xib; path = HistoricalViewController.xib; sourceTree = "<group>"; };
		7F361FB82A24D98900F5396B /* HistoricalViewModel.swift */ = {isa = PBXFileReference; lastKnownFileType = sourcecode.swift; path = HistoricalViewModel.swift; sourceTree = "<group>"; };
		7F3827D12A2649EA002B34B6 /* ExtentionArray.swift */ = {isa = PBXFileReference; lastKnownFileType = sourcecode.swift; path = ExtentionArray.swift; sourceTree = "<group>"; };
		7F559CDF2A202EA000D4E2FE /* Currency App.app */ = {isa = PBXFileReference; explicitFileType = wrapper.application; includeInIndex = 0; path = "Currency App.app"; sourceTree = BUILT_PRODUCTS_DIR; };
		7F559CE22A202EA000D4E2FE /* AppDelegate.swift */ = {isa = PBXFileReference; lastKnownFileType = sourcecode.swift; path = AppDelegate.swift; sourceTree = "<group>"; };
		7F559CE42A202EA000D4E2FE /* SceneDelegate.swift */ = {isa = PBXFileReference; lastKnownFileType = sourcecode.swift; path = SceneDelegate.swift; sourceTree = "<group>"; };
		7F559CEB2A202EA300D4E2FE /* Assets.xcassets */ = {isa = PBXFileReference; lastKnownFileType = folder.assetcatalog; path = Assets.xcassets; sourceTree = "<group>"; };
		7F559CEE2A202EA300D4E2FE /* Base */ = {isa = PBXFileReference; lastKnownFileType = file.storyboard; name = Base; path = Base.lproj/LaunchScreen.storyboard; sourceTree = "<group>"; };
		7F559CF02A202EA300D4E2FE /* Info.plist */ = {isa = PBXFileReference; lastKnownFileType = text.plist.xml; path = Info.plist; sourceTree = "<group>"; };
		7F559CF52A202EA300D4E2FE /* Currency AppTests.xctest */ = {isa = PBXFileReference; explicitFileType = wrapper.cfbundle; includeInIndex = 0; path = "Currency AppTests.xctest"; sourceTree = BUILT_PRODUCTS_DIR; };
		7F559CF92A202EA300D4E2FE /* Currency_AppTests.swift */ = {isa = PBXFileReference; lastKnownFileType = sourcecode.swift; path = Currency_AppTests.swift; sourceTree = "<group>"; };
		7F559CFF2A202EA300D4E2FE /* Currency AppUITests.xctest */ = {isa = PBXFileReference; explicitFileType = wrapper.cfbundle; includeInIndex = 0; path = "Currency AppUITests.xctest"; sourceTree = BUILT_PRODUCTS_DIR; };
		7F559D032A202EA300D4E2FE /* Currency_AppUITests.swift */ = {isa = PBXFileReference; lastKnownFileType = sourcecode.swift; path = Currency_AppUITests.swift; sourceTree = "<group>"; };
		7F559D052A202EA300D4E2FE /* Currency_AppUITestsLaunchTests.swift */ = {isa = PBXFileReference; lastKnownFileType = sourcecode.swift; path = Currency_AppUITestsLaunchTests.swift; sourceTree = "<group>"; };
		7F559D242A2034A000D4E2FE /* HomeViewController.swift */ = {isa = PBXFileReference; lastKnownFileType = sourcecode.swift; path = HomeViewController.swift; sourceTree = "<group>"; };
		7F559D252A2034A000D4E2FE /* HomeViewController.xib */ = {isa = PBXFileReference; lastKnownFileType = file.xib; path = HomeViewController.xib; sourceTree = "<group>"; };
		7F559D2A2A2034C600D4E2FE /* HomeViewModel.swift */ = {isa = PBXFileReference; lastKnownFileType = sourcecode.swift; path = HomeViewModel.swift; sourceTree = "<group>"; };
		7F7B04932A255DB800CF548C /* HistoricalCell.swift */ = {isa = PBXFileReference; fileEncoding = 4; lastKnownFileType = sourcecode.swift; path = HistoricalCell.swift; sourceTree = "<group>"; };
		7F7B04942A255DB800CF548C /* HistoricalCell.xib */ = {isa = PBXFileReference; fileEncoding = 4; lastKnownFileType = file.xib; path = HistoricalCell.xib; sourceTree = "<group>"; };
		7F7B04982A2578AC00CF548C /* HistoricalRepoProtocol.swift */ = {isa = PBXFileReference; lastKnownFileType = sourcecode.swift; path = HistoricalRepoProtocol.swift; sourceTree = "<group>"; };
		7F7B049B2A25798900CF548C /* HistoricalUseCase.swift */ = {isa = PBXFileReference; lastKnownFileType = sourcecode.swift; path = HistoricalUseCase.swift; sourceTree = "<group>"; };
		7F7B049D2A257A7600CF548C /* HistoricalRepoImple.swift */ = {isa = PBXFileReference; lastKnownFileType = sourcecode.swift; path = HistoricalRepoImple.swift; sourceTree = "<group>"; };
		7F836E192A20B6C8005AFB91 /* ExtensionUIView.swift */ = {isa = PBXFileReference; lastKnownFileType = sourcecode.swift; path = ExtensionUIView.swift; sourceTree = "<group>"; };
		7F836E252A214757005AFB91 /* NetworkService.swift */ = {isa = PBXFileReference; lastKnownFileType = sourcecode.swift; path = NetworkService.swift; sourceTree = "<group>"; };
		7F836E272A2147FE005AFB91 /* HomeRepoProtocol.swift */ = {isa = PBXFileReference; lastKnownFileType = sourcecode.swift; path = HomeRepoProtocol.swift; sourceTree = "<group>"; };
		7F836E2A2A2148F4005AFB91 /* Constants.swift */ = {isa = PBXFileReference; lastKnownFileType = sourcecode.swift; path = Constants.swift; sourceTree = "<group>"; };
		7F836E332A21605C005AFB91 /* Currency.swift */ = {isa = PBXFileReference; lastKnownFileType = sourcecode.swift; path = Currency.swift; sourceTree = "<group>"; };
		7FB2CD792A24468D003CF974 /* Error.swift */ = {isa = PBXFileReference; lastKnownFileType = sourcecode.swift; path = Error.swift; sourceTree = "<group>"; };
/* End PBXFileReference section */

/* Begin PBXFrameworksBuildPhase section */
		7F559CDC2A202EA000D4E2FE /* Frameworks */ = {
			isa = PBXFrameworksBuildPhase;
			buildActionMask = 2147483647;
			files = (
				7F146FE12A2172D600A1E5B0 /* RxSwift in Frameworks */,
				7F146FDF2A2172D600A1E5B0 /* RxCocoa in Frameworks */,
			);
			runOnlyForDeploymentPostprocessing = 0;
		};
		7F559CF22A202EA300D4E2FE /* Frameworks */ = {
			isa = PBXFrameworksBuildPhase;
			buildActionMask = 2147483647;
			files = (
			);
			runOnlyForDeploymentPostprocessing = 0;
		};
		7F559CFC2A202EA300D4E2FE /* Frameworks */ = {
			isa = PBXFrameworksBuildPhase;
			buildActionMask = 2147483647;
			files = (
			);
			runOnlyForDeploymentPostprocessing = 0;
		};
/* End PBXFrameworksBuildPhase section */

/* Begin PBXGroup section */
		7F1ABA842A22AB07002E8510 /* Helper */ = {
			isa = PBXGroup;
			children = (
				7F1ABA852A22AB22002E8510 /* Reachability.swift */,
			);
			path = Helper;
			sourceTree = "<group>";
		};
		7F361FA92A24D3DC00F5396B /* Historical */ = {
			isa = PBXGroup;
			children = (
				7F361FAA2A24D41500F5396B /* View */,
				7F361FAB2A24D41F00F5396B /* View Model */,
			);
			path = Historical;
			sourceTree = "<group>";
		};
		7F361FAA2A24D41500F5396B /* View */ = {
			isa = PBXGroup;
			children = (
				7F7B04922A255DB800CF548C /* HistoricalCell */,
				7F361FB02A24D45A00F5396B /* HistoricalViewController.swift */,
				7F361FB12A24D45A00F5396B /* HistoricalViewController.xib */,
			);
			path = View;
			sourceTree = "<group>";
		};
		7F361FAB2A24D41F00F5396B /* View Model */ = {
			isa = PBXGroup;
			children = (
				7F361FB82A24D98900F5396B /* HistoricalViewModel.swift */,
			);
			path = "View Model";
			sourceTree = "<group>";
		};
		7F559CD62A202EA000D4E2FE = {
			isa = PBXGroup;
			children = (
				7F559CE12A202EA000D4E2FE /* Currency App */,
				7F559CF82A202EA300D4E2FE /* Currency AppTests */,
				7F559D022A202EA300D4E2FE /* Currency AppUITests */,
				7F559CE02A202EA000D4E2FE /* Products */,
			);
			sourceTree = "<group>";
		};
		7F559CE02A202EA000D4E2FE /* Products */ = {
			isa = PBXGroup;
			children = (
				7F559CDF2A202EA000D4E2FE /* Currency App.app */,
				7F559CF52A202EA300D4E2FE /* Currency AppTests.xctest */,
				7F559CFF2A202EA300D4E2FE /* Currency AppUITests.xctest */,
			);
			name = Products;
			sourceTree = "<group>";
		};
		7F559CE12A202EA000D4E2FE /* Currency App */ = {
			isa = PBXGroup;
			children = (
				7F559D122A20319D00D4E2FE /* Application */,
				7F836E292A21487E005AFB91 /* Constant */,
				7F559D182A20338900D4E2FE /* Data */,
				7F559D142A2032EE00D4E2FE /* Domain */,
				7F836E182A20B636005AFB91 /* Extensions */,
				7F1ABA842A22AB07002E8510 /* Helper */,
				7F559D1B2A2033D200D4E2FE /* Presentation */,
				7F559D132A20322C00D4E2FE /* Resources */,
			);
			path = "Currency App";
			sourceTree = "<group>";
		};
		7F559CF82A202EA300D4E2FE /* Currency AppTests */ = {
			isa = PBXGroup;
			children = (
				7F559CF92A202EA300D4E2FE /* Currency_AppTests.swift */,
			);
			path = "Currency AppTests";
			sourceTree = "<group>";
		};
		7F559D022A202EA300D4E2FE /* Currency AppUITests */ = {
			isa = PBXGroup;
			children = (
				7F559D032A202EA300D4E2FE /* Currency_AppUITests.swift */,
				7F559D052A202EA300D4E2FE /* Currency_AppUITestsLaunchTests.swift */,
			);
			path = "Currency AppUITests";
			sourceTree = "<group>";
		};
		7F559D122A20319D00D4E2FE /* Application */ = {
			isa = PBXGroup;
			children = (
				7F559CE22A202EA000D4E2FE /* AppDelegate.swift */,
				7F559CE42A202EA000D4E2FE /* SceneDelegate.swift */,
			);
			path = Application;
			sourceTree = "<group>";
		};
		7F559D132A20322C00D4E2FE /* Resources */ = {
			isa = PBXGroup;
			children = (
				7F559CEB2A202EA300D4E2FE /* Assets.xcassets */,
				7F559CED2A202EA300D4E2FE /* LaunchScreen.storyboard */,
				7F559CF02A202EA300D4E2FE /* Info.plist */,
			);
			path = Resources;
			sourceTree = "<group>";
		};
		7F559D142A2032EE00D4E2FE /* Domain */ = {
			isa = PBXGroup;
			children = (
				7F559D152A20332100D4E2FE /* Entities */,
				7F559D172A20335B00D4E2FE /* Repository Interfaces */,
				7F559D162A20333300D4E2FE /* UseCases */,
			);
			path = Domain;
			sourceTree = "<group>";
		};
		7F559D152A20332100D4E2FE /* Entities */ = {
			isa = PBXGroup;
			children = (
				7F836E332A21605C005AFB91 /* Currency.swift */,
				7F361FA72A24CA5B00F5396B /* HistoricalModel.swift */,
			);
			path = Entities;
			sourceTree = "<group>";
		};
		7F559D162A20333300D4E2FE /* UseCases */ = {
			isa = PBXGroup;
			children = (
				7F146FE42A217BE900A1E5B0 /* HomeUseCase.swift */,
				7F7B049B2A25798900CF548C /* HistoricalUseCase.swift */,
			);
			path = UseCases;
			sourceTree = "<group>";
		};
		7F559D172A20335B00D4E2FE /* Repository Interfaces */ = {
			isa = PBXGroup;
			children = (
				7F836E272A2147FE005AFB91 /* HomeRepoProtocol.swift */,
				7F7B04982A2578AC00CF548C /* HistoricalRepoProtocol.swift */,
			);
			path = "Repository Interfaces";
			sourceTree = "<group>";
		};
		7F559D182A20338900D4E2FE /* Data */ = {
			isa = PBXGroup;
			children = (
				7F559D192A2033A100D4E2FE /* Network */,
				7F559D1A2A2033AC00D4E2FE /* Repositories */,
			);
			path = Data;
			sourceTree = "<group>";
		};
		7F559D192A2033A100D4E2FE /* Network */ = {
			isa = PBXGroup;
			children = (
				7F836E252A214757005AFB91 /* NetworkService.swift */,
			);
			path = Network;
			sourceTree = "<group>";
		};
		7F559D1A2A2033AC00D4E2FE /* Repositories */ = {
			isa = PBXGroup;
			children = (
				7F146FE22A2175CE00A1E5B0 /* HomeRepoImple.swift */,
				7F7B049D2A257A7600CF548C /* HistoricalRepoImple.swift */,
			);
			path = Repositories;
			sourceTree = "<group>";
		};
		7F559D1B2A2033D200D4E2FE /* Presentation */ = {
			isa = PBXGroup;
			children = (
				7F559D1C2A2033DF00D4E2FE /* Scenes */,
			);
			path = Presentation;
			sourceTree = "<group>";
		};
		7F559D1C2A2033DF00D4E2FE /* Scenes */ = {
			isa = PBXGroup;
			children = (
				7F361FA92A24D3DC00F5396B /* Historical */,
				7F559D1D2A20340500D4E2FE /* Home */,
			);
			path = Scenes;
			sourceTree = "<group>";
		};
		7F559D1D2A20340500D4E2FE /* Home */ = {
			isa = PBXGroup;
			children = (
				7F559D1E2A20341600D4E2FE /* View */,
				7F559D1F2A20342200D4E2FE /* View Model */,
			);
			path = Home;
			sourceTree = "<group>";
		};
		7F559D1E2A20341600D4E2FE /* View */ = {
			isa = PBXGroup;
			children = (
				7F559D242A2034A000D4E2FE /* HomeViewController.swift */,
				7F559D252A2034A000D4E2FE /* HomeViewController.xib */,
			);
			path = View;
			sourceTree = "<group>";
		};
		7F559D1F2A20342200D4E2FE /* View Model */ = {
			isa = PBXGroup;
			children = (
				7F559D2A2A2034C600D4E2FE /* HomeViewModel.swift */,
			);
			path = "View Model";
			sourceTree = "<group>";
		};
		7F7B04922A255DB800CF548C /* HistoricalCell */ = {
			isa = PBXGroup;
			children = (
				7F7B04932A255DB800CF548C /* HistoricalCell.swift */,
				7F7B04942A255DB800CF548C /* HistoricalCell.xib */,
			);
			path = HistoricalCell;
			sourceTree = "<group>";
		};
		7F836E182A20B636005AFB91 /* Extensions */ = {
			isa = PBXGroup;
			children = (
				7F836E192A20B6C8005AFB91 /* ExtensionUIView.swift */,
				7FB2CD792A24468D003CF974 /* Error.swift */,
				7F3827D12A2649EA002B34B6 /* ExtentionArray.swift */,
			);
			path = Extensions;
			sourceTree = "<group>";
		};
		7F836E292A21487E005AFB91 /* Constant */ = {
			isa = PBXGroup;
			children = (
				7F836E2A2A2148F4005AFB91 /* Constants.swift */,
			);
			path = Constant;
			sourceTree = "<group>";
		};
/* End PBXGroup section */

/* Begin PBXNativeTarget section */
		7F559CDE2A202EA000D4E2FE /* Currency App */ = {
			isa = PBXNativeTarget;
			buildConfigurationList = 7F559D092A202EA300D4E2FE /* Build configuration list for PBXNativeTarget "Currency App" */;
			buildPhases = (
				7F559CDB2A202EA000D4E2FE /* Sources */,
				7F559CDC2A202EA000D4E2FE /* Frameworks */,
				7F559CDD2A202EA000D4E2FE /* Resources */,
			);
			buildRules = (
			);
			dependencies = (
			);
			name = "Currency App";
			packageProductDependencies = (
				7F146FDE2A2172D600A1E5B0 /* RxCocoa */,
				7F146FE02A2172D600A1E5B0 /* RxSwift */,
			);
			productName = "Currency App";
			productReference = 7F559CDF2A202EA000D4E2FE /* Currency App.app */;
			productType = "com.apple.product-type.application";
		};
		7F559CF42A202EA300D4E2FE /* Currency AppTests */ = {
			isa = PBXNativeTarget;
			buildConfigurationList = 7F559D0C2A202EA300D4E2FE /* Build configuration list for PBXNativeTarget "Currency AppTests" */;
			buildPhases = (
				7F559CF12A202EA300D4E2FE /* Sources */,
				7F559CF22A202EA300D4E2FE /* Frameworks */,
				7F559CF32A202EA300D4E2FE /* Resources */,
			);
			buildRules = (
			);
			dependencies = (
				7F559CF72A202EA300D4E2FE /* PBXTargetDependency */,
			);
			name = "Currency AppTests";
			productName = "Currency AppTests";
			productReference = 7F559CF52A202EA300D4E2FE /* Currency AppTests.xctest */;
			productType = "com.apple.product-type.bundle.unit-test";
		};
		7F559CFE2A202EA300D4E2FE /* Currency AppUITests */ = {
			isa = PBXNativeTarget;
			buildConfigurationList = 7F559D0F2A202EA300D4E2FE /* Build configuration list for PBXNativeTarget "Currency AppUITests" */;
			buildPhases = (
				7F559CFB2A202EA300D4E2FE /* Sources */,
				7F559CFC2A202EA300D4E2FE /* Frameworks */,
				7F559CFD2A202EA300D4E2FE /* Resources */,
			);
			buildRules = (
			);
			dependencies = (
				7F559D012A202EA300D4E2FE /* PBXTargetDependency */,
			);
			name = "Currency AppUITests";
			productName = "Currency AppUITests";
			productReference = 7F559CFF2A202EA300D4E2FE /* Currency AppUITests.xctest */;
			productType = "com.apple.product-type.bundle.ui-testing";
		};
/* End PBXNativeTarget section */

/* Begin PBXProject section */
		7F559CD72A202EA000D4E2FE /* Project object */ = {
			isa = PBXProject;
			attributes = {
				BuildIndependentTargetsInParallel = 1;
				LastSwiftUpdateCheck = 1420;
				LastUpgradeCheck = 1420;
				TargetAttributes = {
					7F559CDE2A202EA000D4E2FE = {
						CreatedOnToolsVersion = 14.2;
					};
					7F559CF42A202EA300D4E2FE = {
						CreatedOnToolsVersion = 14.2;
						TestTargetID = 7F559CDE2A202EA000D4E2FE;
					};
					7F559CFE2A202EA300D4E2FE = {
						CreatedOnToolsVersion = 14.2;
						TestTargetID = 7F559CDE2A202EA000D4E2FE;
					};
				};
			};
			buildConfigurationList = 7F559CDA2A202EA000D4E2FE /* Build configuration list for PBXProject "Currency App" */;
			compatibilityVersion = "Xcode 14.0";
			developmentRegion = en;
			hasScannedForEncodings = 0;
			knownRegions = (
				en,
				Base,
			);
			mainGroup = 7F559CD62A202EA000D4E2FE;
			packageReferences = (
				7F146FDD2A2172D600A1E5B0 /* XCRemoteSwiftPackageReference "RxSwift" */,
			);
			productRefGroup = 7F559CE02A202EA000D4E2FE /* Products */;
			projectDirPath = "";
			projectRoot = "";
			targets = (
				7F559CDE2A202EA000D4E2FE /* Currency App */,
				7F559CF42A202EA300D4E2FE /* Currency AppTests */,
				7F559CFE2A202EA300D4E2FE /* Currency AppUITests */,
			);
		};
/* End PBXProject section */

/* Begin PBXResourcesBuildPhase section */
		7F559CDD2A202EA000D4E2FE /* Resources */ = {
			isa = PBXResourcesBuildPhase;
			buildActionMask = 2147483647;
			files = (
				7F559CEF2A202EA300D4E2FE /* LaunchScreen.storyboard in Resources */,
				7F559CEC2A202EA300D4E2FE /* Assets.xcassets in Resources */,
				7F7B04962A255DB800CF548C /* HistoricalCell.xib in Resources */,
				7F361FB52A24D45A00F5396B /* HistoricalViewController.xib in Resources */,
				7F559D282A2034A000D4E2FE /* HomeViewController.xib in Resources */,
			);
			runOnlyForDeploymentPostprocessing = 0;
		};
		7F559CF32A202EA300D4E2FE /* Resources */ = {
			isa = PBXResourcesBuildPhase;
			buildActionMask = 2147483647;
			files = (
				7F361FB62A24D45A00F5396B /* HistoricalViewController.xib in Resources */,
				7F559D292A2034A000D4E2FE /* HomeViewController.xib in Resources */,
			);
			runOnlyForDeploymentPostprocessing = 0;
		};
		7F559CFD2A202EA300D4E2FE /* Resources */ = {
			isa = PBXResourcesBuildPhase;
			buildActionMask = 2147483647;
			files = (
				7F361FB72A24D45A00F5396B /* HistoricalViewController.xib in Resources */,
			);
			runOnlyForDeploymentPostprocessing = 0;
		};
/* End PBXResourcesBuildPhase section */

/* Begin PBXSourcesBuildPhase section */
		7F559CDB2A202EA000D4E2FE /* Sources */ = {
			isa = PBXSourcesBuildPhase;
			buildActionMask = 2147483647;
			files = (
				7F836E262A214757005AFB91 /* NetworkService.swift in Sources */,
				7F3827D22A2649EA002B34B6 /* ExtentionArray.swift in Sources */,
				7F7B049C2A25798900CF548C /* HistoricalUseCase.swift in Sources */,
				7F7B04952A255DB800CF548C /* HistoricalCell.swift in Sources */,
				7F559CE32A202EA000D4E2FE /* AppDelegate.swift in Sources */,
				7F7B04992A2578AC00CF548C /* HistoricalRepoProtocol.swift in Sources */,
				7F361FB92A24D98900F5396B /* HistoricalViewModel.swift in Sources */,
				7F836E342A21605C005AFB91 /* Currency.swift in Sources */,
				7FB2CD7A2A24468D003CF974 /* Error.swift in Sources */,
				7F836E282A2147FE005AFB91 /* HomeRepoProtocol.swift in Sources */,
				7F361FB22A24D45A00F5396B /* HistoricalViewController.swift in Sources */,
				7F559CE52A202EA000D4E2FE /* SceneDelegate.swift in Sources */,
				7F146FE52A217BE900A1E5B0 /* HomeUseCase.swift in Sources */,
				7F146FE32A2175CE00A1E5B0 /* HomeRepoImple.swift in Sources */,
				7F559D262A2034A000D4E2FE /* HomeViewController.swift in Sources */,
				7F361FA82A24CA5B00F5396B /* HistoricalModel.swift in Sources */,
				7F559D2B2A2034C600D4E2FE /* HomeViewModel.swift in Sources */,
				7F836E1A2A20B6C8005AFB91 /* ExtensionUIView.swift in Sources */,
				7F836E2B2A2148F4005AFB91 /* Constants.swift in Sources */,
				7F1ABA862A22AB22002E8510 /* Reachability.swift in Sources */,
				7F7B049E2A257A7600CF548C /* HistoricalRepoImple.swift in Sources */,
			);
			runOnlyForDeploymentPostprocessing = 0;
		};
		7F559CF12A202EA300D4E2FE /* Sources */ = {
			isa = PBXSourcesBuildPhase;
			buildActionMask = 2147483647;
			files = (
				7F559CFA2A202EA300D4E2FE /* Currency_AppTests.swift in Sources */,
				7F559D2C2A2034C600D4E2FE /* HomeViewModel.swift in Sources */,
				7F361FB32A24D45A00F5396B /* HistoricalViewController.swift in Sources */,
				7F559D272A2034A000D4E2FE /* HomeViewController.swift in Sources */,
				7F361FBA2A24D98900F5396B /* HistoricalViewModel.swift in Sources */,
			);
			runOnlyForDeploymentPostprocessing = 0;
		};
		7F559CFB2A202EA300D4E2FE /* Sources */ = {
			isa = PBXSourcesBuildPhase;
			buildActionMask = 2147483647;
			files = (
				7F559D042A202EA300D4E2FE /* Currency_AppUITests.swift in Sources */,
				7F559D062A202EA300D4E2FE /* Currency_AppUITestsLaunchTests.swift in Sources */,
				7F361FBB2A24D98900F5396B /* HistoricalViewModel.swift in Sources */,
				7F361FB42A24D45A00F5396B /* HistoricalViewController.swift in Sources */,
			);
			runOnlyForDeploymentPostprocessing = 0;
		};
/* End PBXSourcesBuildPhase section */

/* Begin PBXTargetDependency section */
		7F559CF72A202EA300D4E2FE /* PBXTargetDependency */ = {
			isa = PBXTargetDependency;
			target = 7F559CDE2A202EA000D4E2FE /* Currency App */;
			targetProxy = 7F559CF62A202EA300D4E2FE /* PBXContainerItemProxy */;
		};
		7F559D012A202EA300D4E2FE /* PBXTargetDependency */ = {
			isa = PBXTargetDependency;
			target = 7F559CDE2A202EA000D4E2FE /* Currency App */;
			targetProxy = 7F559D002A202EA300D4E2FE /* PBXContainerItemProxy */;
		};
/* End PBXTargetDependency section */

/* Begin PBXVariantGroup section */
		7F559CED2A202EA300D4E2FE /* LaunchScreen.storyboard */ = {
			isa = PBXVariantGroup;
			children = (
				7F559CEE2A202EA300D4E2FE /* Base */,
			);
			name = LaunchScreen.storyboard;
			sourceTree = "<group>";
		};
/* End PBXVariantGroup section */

/* Begin XCBuildConfiguration section */
		7F559D072A202EA300D4E2FE /* Debug */ = {
			isa = XCBuildConfiguration;
			buildSettings = {
				ALWAYS_SEARCH_USER_PATHS = NO;
				CLANG_ANALYZER_NONNULL = YES;
				CLANG_ANALYZER_NUMBER_OBJECT_CONVERSION = YES_AGGRESSIVE;
				CLANG_CXX_LANGUAGE_STANDARD = "gnu++20";
				CLANG_ENABLE_MODULES = YES;
				CLANG_ENABLE_OBJC_ARC = YES;
				CLANG_ENABLE_OBJC_WEAK = YES;
				CLANG_WARN_BLOCK_CAPTURE_AUTORELEASING = YES;
				CLANG_WARN_BOOL_CONVERSION = YES;
				CLANG_WARN_COMMA = YES;
				CLANG_WARN_CONSTANT_CONVERSION = YES;
				CLANG_WARN_DEPRECATED_OBJC_IMPLEMENTATIONS = YES;
				CLANG_WARN_DIRECT_OBJC_ISA_USAGE = YES_ERROR;
				CLANG_WARN_DOCUMENTATION_COMMENTS = YES;
				CLANG_WARN_EMPTY_BODY = YES;
				CLANG_WARN_ENUM_CONVERSION = YES;
				CLANG_WARN_INFINITE_RECURSION = YES;
				CLANG_WARN_INT_CONVERSION = YES;
				CLANG_WARN_NON_LITERAL_NULL_CONVERSION = YES;
				CLANG_WARN_OBJC_IMPLICIT_RETAIN_SELF = YES;
				CLANG_WARN_OBJC_LITERAL_CONVERSION = YES;
				CLANG_WARN_OBJC_ROOT_CLASS = YES_ERROR;
				CLANG_WARN_QUOTED_INCLUDE_IN_FRAMEWORK_HEADER = YES;
				CLANG_WARN_RANGE_LOOP_ANALYSIS = YES;
				CLANG_WARN_STRICT_PROTOTYPES = YES;
				CLANG_WARN_SUSPICIOUS_MOVE = YES;
				CLANG_WARN_UNGUARDED_AVAILABILITY = YES_AGGRESSIVE;
				CLANG_WARN_UNREACHABLE_CODE = YES;
				CLANG_WARN__DUPLICATE_METHOD_MATCH = YES;
				COPY_PHASE_STRIP = NO;
				DEBUG_INFORMATION_FORMAT = dwarf;
				ENABLE_STRICT_OBJC_MSGSEND = YES;
				ENABLE_TESTABILITY = YES;
				GCC_C_LANGUAGE_STANDARD = gnu11;
				GCC_DYNAMIC_NO_PIC = NO;
				GCC_NO_COMMON_BLOCKS = YES;
				GCC_OPTIMIZATION_LEVEL = 0;
				GCC_PREPROCESSOR_DEFINITIONS = (
					"DEBUG=1",
					"$(inherited)",
				);
				GCC_WARN_64_TO_32_BIT_CONVERSION = YES;
				GCC_WARN_ABOUT_RETURN_TYPE = YES_ERROR;
				GCC_WARN_UNDECLARED_SELECTOR = YES;
				GCC_WARN_UNINITIALIZED_AUTOS = YES_AGGRESSIVE;
				GCC_WARN_UNUSED_FUNCTION = YES;
				GCC_WARN_UNUSED_VARIABLE = YES;
				IPHONEOS_DEPLOYMENT_TARGET = 15.0;
				MTL_ENABLE_DEBUG_INFO = INCLUDE_SOURCE;
				MTL_FAST_MATH = YES;
				ONLY_ACTIVE_ARCH = YES;
				SDKROOT = iphoneos;
				SWIFT_ACTIVE_COMPILATION_CONDITIONS = DEBUG;
				SWIFT_OPTIMIZATION_LEVEL = "-Onone";
			};
			name = Debug;
		};
		7F559D082A202EA300D4E2FE /* Release */ = {
			isa = XCBuildConfiguration;
			buildSettings = {
				ALWAYS_SEARCH_USER_PATHS = NO;
				CLANG_ANALYZER_NONNULL = YES;
				CLANG_ANALYZER_NUMBER_OBJECT_CONVERSION = YES_AGGRESSIVE;
				CLANG_CXX_LANGUAGE_STANDARD = "gnu++20";
				CLANG_ENABLE_MODULES = YES;
				CLANG_ENABLE_OBJC_ARC = YES;
				CLANG_ENABLE_OBJC_WEAK = YES;
				CLANG_WARN_BLOCK_CAPTURE_AUTORELEASING = YES;
				CLANG_WARN_BOOL_CONVERSION = YES;
				CLANG_WARN_COMMA = YES;
				CLANG_WARN_CONSTANT_CONVERSION = YES;
				CLANG_WARN_DEPRECATED_OBJC_IMPLEMENTATIONS = YES;
				CLANG_WARN_DIRECT_OBJC_ISA_USAGE = YES_ERROR;
				CLANG_WARN_DOCUMENTATION_COMMENTS = YES;
				CLANG_WARN_EMPTY_BODY = YES;
				CLANG_WARN_ENUM_CONVERSION = YES;
				CLANG_WARN_INFINITE_RECURSION = YES;
				CLANG_WARN_INT_CONVERSION = YES;
				CLANG_WARN_NON_LITERAL_NULL_CONVERSION = YES;
				CLANG_WARN_OBJC_IMPLICIT_RETAIN_SELF = YES;
				CLANG_WARN_OBJC_LITERAL_CONVERSION = YES;
				CLANG_WARN_OBJC_ROOT_CLASS = YES_ERROR;
				CLANG_WARN_QUOTED_INCLUDE_IN_FRAMEWORK_HEADER = YES;
				CLANG_WARN_RANGE_LOOP_ANALYSIS = YES;
				CLANG_WARN_STRICT_PROTOTYPES = YES;
				CLANG_WARN_SUSPICIOUS_MOVE = YES;
				CLANG_WARN_UNGUARDED_AVAILABILITY = YES_AGGRESSIVE;
				CLANG_WARN_UNREACHABLE_CODE = YES;
				CLANG_WARN__DUPLICATE_METHOD_MATCH = YES;
				COPY_PHASE_STRIP = NO;
				DEBUG_INFORMATION_FORMAT = "dwarf-with-dsym";
				ENABLE_NS_ASSERTIONS = NO;
				ENABLE_STRICT_OBJC_MSGSEND = YES;
				GCC_C_LANGUAGE_STANDARD = gnu11;
				GCC_NO_COMMON_BLOCKS = YES;
				GCC_WARN_64_TO_32_BIT_CONVERSION = YES;
				GCC_WARN_ABOUT_RETURN_TYPE = YES_ERROR;
				GCC_WARN_UNDECLARED_SELECTOR = YES;
				GCC_WARN_UNINITIALIZED_AUTOS = YES_AGGRESSIVE;
				GCC_WARN_UNUSED_FUNCTION = YES;
				GCC_WARN_UNUSED_VARIABLE = YES;
				IPHONEOS_DEPLOYMENT_TARGET = 15.0;
				MTL_ENABLE_DEBUG_INFO = NO;
				MTL_FAST_MATH = YES;
				SDKROOT = iphoneos;
				SWIFT_COMPILATION_MODE = wholemodule;
				SWIFT_OPTIMIZATION_LEVEL = "-O";
				VALIDATE_PRODUCT = YES;
			};
			name = Release;
		};
		7F559D0A2A202EA300D4E2FE /* Debug */ = {
			isa = XCBuildConfiguration;
			buildSettings = {
				ASSETCATALOG_COMPILER_APPICON_NAME = AppIcon;
				ASSETCATALOG_COMPILER_GLOBAL_ACCENT_COLOR_NAME = AccentColor;
				CODE_SIGN_STYLE = Automatic;
				CURRENT_PROJECT_VERSION = 1;
				DEVELOPMENT_TEAM = G2KS84NP5P;
				GENERATE_INFOPLIST_FILE = YES;
				INFOPLIST_FILE = "Currency App/Resources/Info.plist";
				INFOPLIST_KEY_UIApplicationSupportsIndirectInputEvents = YES;
				INFOPLIST_KEY_UILaunchStoryboardName = LaunchScreen;
				INFOPLIST_KEY_UISupportedInterfaceOrientations_iPad = "UIInterfaceOrientationPortrait UIInterfaceOrientationPortraitUpsideDown UIInterfaceOrientationLandscapeLeft UIInterfaceOrientationLandscapeRight";
				INFOPLIST_KEY_UISupportedInterfaceOrientations_iPhone = "UIInterfaceOrientationPortrait UIInterfaceOrientationLandscapeLeft UIInterfaceOrientationLandscapeRight";
				IPHONEOS_DEPLOYMENT_TARGET = 15.0;
				LD_RUNPATH_SEARCH_PATHS = (
					"$(inherited)",
					"@executable_path/Frameworks",
				);
				MARKETING_VERSION = 1.0;
				PRODUCT_BUNDLE_IDENTIFIER = "mohammdk393-gmail.com.Currency-App";
				PRODUCT_NAME = "$(TARGET_NAME)";
				SUPPORTED_PLATFORMS = "iphoneos iphonesimulator";
				SUPPORTS_MACCATALYST = NO;
				SUPPORTS_MAC_DESIGNED_FOR_IPHONE_IPAD = NO;
				SWIFT_EMIT_LOC_STRINGS = YES;
				SWIFT_VERSION = 5.0;
				TARGETED_DEVICE_FAMILY = 1;
			};
			name = Debug;
		};
		7F559D0B2A202EA300D4E2FE /* Release */ = {
			isa = XCBuildConfiguration;
			buildSettings = {
				ASSETCATALOG_COMPILER_APPICON_NAME = AppIcon;
				ASSETCATALOG_COMPILER_GLOBAL_ACCENT_COLOR_NAME = AccentColor;
				CODE_SIGN_STYLE = Automatic;
				CURRENT_PROJECT_VERSION = 1;
				DEVELOPMENT_TEAM = G2KS84NP5P;
				GENERATE_INFOPLIST_FILE = YES;
				INFOPLIST_FILE = "Currency App/Resources/Info.plist";
				INFOPLIST_KEY_UIApplicationSupportsIndirectInputEvents = YES;
				INFOPLIST_KEY_UILaunchStoryboardName = LaunchScreen;
				INFOPLIST_KEY_UISupportedInterfaceOrientations_iPad = "UIInterfaceOrientationPortrait UIInterfaceOrientationPortraitUpsideDown UIInterfaceOrientationLandscapeLeft UIInterfaceOrientationLandscapeRight";
				INFOPLIST_KEY_UISupportedInterfaceOrientations_iPhone = "UIInterfaceOrientationPortrait UIInterfaceOrientationLandscapeLeft UIInterfaceOrientationLandscapeRight";
				IPHONEOS_DEPLOYMENT_TARGET = 15.0;
				LD_RUNPATH_SEARCH_PATHS = (
					"$(inherited)",
					"@executable_path/Frameworks",
				);
				MARKETING_VERSION = 1.0;
				PRODUCT_BUNDLE_IDENTIFIER = "mohammdk393-gmail.com.Currency-App";
				PRODUCT_NAME = "$(TARGET_NAME)";
				SUPPORTED_PLATFORMS = "iphoneos iphonesimulator";
				SUPPORTS_MACCATALYST = NO;
				SUPPORTS_MAC_DESIGNED_FOR_IPHONE_IPAD = NO;
				SWIFT_EMIT_LOC_STRINGS = YES;
				SWIFT_VERSION = 5.0;
				TARGETED_DEVICE_FAMILY = 1;
			};
			name = Release;
		};
		7F559D0D2A202EA300D4E2FE /* Debug */ = {
			isa = XCBuildConfiguration;
			buildSettings = {
				ALWAYS_EMBED_SWIFT_STANDARD_LIBRARIES = YES;
				BUNDLE_LOADER = "$(TEST_HOST)";
				CODE_SIGN_STYLE = Automatic;
				CURRENT_PROJECT_VERSION = 1;
				DEVELOPMENT_TEAM = G2KS84NP5P;
				GENERATE_INFOPLIST_FILE = YES;
				IPHONEOS_DEPLOYMENT_TARGET = 15.0;
				MARKETING_VERSION = 1.0;
				PRODUCT_BUNDLE_IDENTIFIER = "mohammdk393-gmail.com.Currency-AppTests";
				PRODUCT_NAME = "$(TARGET_NAME)";
				SWIFT_EMIT_LOC_STRINGS = NO;
				SWIFT_VERSION = 5.0;
				TARGETED_DEVICE_FAMILY = 1;
				TEST_HOST = "$(BUILT_PRODUCTS_DIR)/Currency App.app/$(BUNDLE_EXECUTABLE_FOLDER_PATH)/Currency App";
			};
			name = Debug;
		};
		7F559D0E2A202EA300D4E2FE /* Release */ = {
			isa = XCBuildConfiguration;
			buildSettings = {
				ALWAYS_EMBED_SWIFT_STANDARD_LIBRARIES = YES;
				BUNDLE_LOADER = "$(TEST_HOST)";
				CODE_SIGN_STYLE = Automatic;
				CURRENT_PROJECT_VERSION = 1;
				DEVELOPMENT_TEAM = G2KS84NP5P;
				GENERATE_INFOPLIST_FILE = YES;
				IPHONEOS_DEPLOYMENT_TARGET = 15.0;
				MARKETING_VERSION = 1.0;
				PRODUCT_BUNDLE_IDENTIFIER = "mohammdk393-gmail.com.Currency-AppTests";
				PRODUCT_NAME = "$(TARGET_NAME)";
				SWIFT_EMIT_LOC_STRINGS = NO;
				SWIFT_VERSION = 5.0;
				TARGETED_DEVICE_FAMILY = 1;
				TEST_HOST = "$(BUILT_PRODUCTS_DIR)/Currency App.app/$(BUNDLE_EXECUTABLE_FOLDER_PATH)/Currency App";
			};
			name = Release;
		};
		7F559D102A202EA300D4E2FE /* Debug */ = {
			isa = XCBuildConfiguration;
			buildSettings = {
				ALWAYS_EMBED_SWIFT_STANDARD_LIBRARIES = YES;
				CODE_SIGN_STYLE = Automatic;
				CURRENT_PROJECT_VERSION = 1;
				DEVELOPMENT_TEAM = G2KS84NP5P;
				GENERATE_INFOPLIST_FILE = YES;
				MARKETING_VERSION = 1.0;
				PRODUCT_BUNDLE_IDENTIFIER = "mohammdk393-gmail.com.Currency-AppUITests";
				PRODUCT_NAME = "$(TARGET_NAME)";
				SWIFT_EMIT_LOC_STRINGS = NO;
				SWIFT_VERSION = 5.0;
				TARGETED_DEVICE_FAMILY = 1;
				TEST_TARGET_NAME = "Currency App";
			};
			name = Debug;
		};
		7F559D112A202EA300D4E2FE /* Release */ = {
			isa = XCBuildConfiguration;
			buildSettings = {
				ALWAYS_EMBED_SWIFT_STANDARD_LIBRARIES = YES;
				CODE_SIGN_STYLE = Automatic;
				CURRENT_PROJECT_VERSION = 1;
				DEVELOPMENT_TEAM = G2KS84NP5P;
				GENERATE_INFOPLIST_FILE = YES;
				MARKETING_VERSION = 1.0;
				PRODUCT_BUNDLE_IDENTIFIER = "mohammdk393-gmail.com.Currency-AppUITests";
				PRODUCT_NAME = "$(TARGET_NAME)";
				SWIFT_EMIT_LOC_STRINGS = NO;
				SWIFT_VERSION = 5.0;
				TARGETED_DEVICE_FAMILY = 1;
				TEST_TARGET_NAME = "Currency App";
			};
			name = Release;
		};
/* End XCBuildConfiguration section */

/* Begin XCConfigurationList section */
		7F559CDA2A202EA000D4E2FE /* Build configuration list for PBXProject "Currency App" */ = {
			isa = XCConfigurationList;
			buildConfigurations = (
				7F559D072A202EA300D4E2FE /* Debug */,
				7F559D082A202EA300D4E2FE /* Release */,
			);
			defaultConfigurationIsVisible = 0;
			defaultConfigurationName = Release;
		};
		7F559D092A202EA300D4E2FE /* Build configuration list for PBXNativeTarget "Currency App" */ = {
			isa = XCConfigurationList;
			buildConfigurations = (
				7F559D0A2A202EA300D4E2FE /* Debug */,
				7F559D0B2A202EA300D4E2FE /* Release */,
			);
			defaultConfigurationIsVisible = 0;
			defaultConfigurationName = Release;
		};
		7F559D0C2A202EA300D4E2FE /* Build configuration list for PBXNativeTarget "Currency AppTests" */ = {
			isa = XCConfigurationList;
			buildConfigurations = (
				7F559D0D2A202EA300D4E2FE /* Debug */,
				7F559D0E2A202EA300D4E2FE /* Release */,
			);
			defaultConfigurationIsVisible = 0;
			defaultConfigurationName = Release;
		};
		7F559D0F2A202EA300D4E2FE /* Build configuration list for PBXNativeTarget "Currency AppUITests" */ = {
			isa = XCConfigurationList;
			buildConfigurations = (
				7F559D102A202EA300D4E2FE /* Debug */,
				7F559D112A202EA300D4E2FE /* Release */,
			);
			defaultConfigurationIsVisible = 0;
			defaultConfigurationName = Release;
		};
/* End XCConfigurationList section */

/* Begin XCRemoteSwiftPackageReference section */
		7F146FDD2A2172D600A1E5B0 /* XCRemoteSwiftPackageReference "RxSwift" */ = {
			isa = XCRemoteSwiftPackageReference;
			repositoryURL = "https://github.com/ReactiveX/RxSwift.git";
			requirement = {
				branch = main;
				kind = branch;
			};
		};
/* End XCRemoteSwiftPackageReference section */

/* Begin XCSwiftPackageProductDependency section */
		7F146FDE2A2172D600A1E5B0 /* RxCocoa */ = {
			isa = XCSwiftPackageProductDependency;
			package = 7F146FDD2A2172D600A1E5B0 /* XCRemoteSwiftPackageReference "RxSwift" */;
			productName = RxCocoa;
		};
		7F146FE02A2172D600A1E5B0 /* RxSwift */ = {
			isa = XCSwiftPackageProductDependency;
			package = 7F146FDD2A2172D600A1E5B0 /* XCRemoteSwiftPackageReference "RxSwift" */;
			productName = RxSwift;
		};
/* End XCSwiftPackageProductDependency section */
	};
	rootObject = 7F559CD72A202EA000D4E2FE /* Project object */;
}
